// !$*UTF8*$!
{
	archiveVersion = 1;
	classes = {
	};
	objectVersion = 56;
	objects = {

/* Begin PBXBuildFile section */
		33420EE82CC04953007981E3 /* HighSchoolQuizApp.swift in Sources */ = {isa = PBXBuildFile; fileRef = 33420EE72CC04953007981E3 /* HighSchoolQuizApp.swift */; };
		33420EEA2CC04953007981E3 /* ContentView.swift in Sources */ = {isa = PBXBuildFile; fileRef = 33420EE92CC04953007981E3 /* ContentView.swift */; };
		33420EEC2CC04956007981E3 /* Assets.xcassets in Resources */ = {isa = PBXBuildFile; fileRef = 33420EEB2CC04956007981E3 /* Assets.xcassets */; };
		33420EEF2CC04956007981E3 /* Preview Assets.xcassets in Resources */ = {isa = PBXBuildFile; fileRef = 33420EEE2CC04956007981E3 /* Preview Assets.xcassets */; };
		33420EF92CC04956007981E3 /* HighSchoolQuizTests.swift in Sources */ = {isa = PBXBuildFile; fileRef = 33420EF82CC04956007981E3 /* HighSchoolQuizTests.swift */; };
		33420F032CC04956007981E3 /* HighSchoolQuizUITests.swift in Sources */ = {isa = PBXBuildFile; fileRef = 33420F022CC04956007981E3 /* HighSchoolQuizUITests.swift */; };
		33420F052CC04956007981E3 /* HighSchoolQuizUITestsLaunchTests.swift in Sources */ = {isa = PBXBuildFile; fileRef = 33420F042CC04956007981E3 /* HighSchoolQuizUITestsLaunchTests.swift */; };
		33420F122CC04A25007981E3 /* HomeView.swift in Sources */ = {isa = PBXBuildFile; fileRef = 33420F112CC04A25007981E3 /* HomeView.swift */; };
		33420F142CC04A3D007981E3 /* QuizView.swift in Sources */ = {isa = PBXBuildFile; fileRef = 33420F132CC04A3D007981E3 /* QuizView.swift */; };
		33420F162CC04A4F007981E3 /* SettingsView.swift in Sources */ = {isa = PBXBuildFile; fileRef = 33420F152CC04A4F007981E3 /* SettingsView.swift */; };
/* End PBXBuildFile section */

/* Begin PBXContainerItemProxy section */
		33420EF52CC04956007981E3 /* PBXContainerItemProxy */ = {
			isa = PBXContainerItemProxy;
			containerPortal = 33420EDC2CC04952007981E3 /* Project object */;
			proxyType = 1;
			remoteGlobalIDString = 33420EE32CC04953007981E3;
			remoteInfo = HighSchoolQuiz;
		};
		33420EFF2CC04956007981E3 /* PBXContainerItemProxy */ = {
			isa = PBXContainerItemProxy;
			containerPortal = 33420EDC2CC04952007981E3 /* Project object */;
			proxyType = 1;
			remoteGlobalIDString = 33420EE32CC04953007981E3;
			remoteInfo = HighSchoolQuiz;
		};
/* End PBXContainerItemProxy section */

/* Begin PBXFileReference section */
		33420EE42CC04953007981E3 /* HighSchoolQuiz.app */ = {isa = PBXFileReference; explicitFileType = wrapper.application; includeInIndex = 0; path = HighSchoolQuiz.app; sourceTree = BUILT_PRODUCTS_DIR; };
		33420EE72CC04953007981E3 /* HighSchoolQuizApp.swift */ = {isa = PBXFileReference; lastKnownFileType = sourcecode.swift; path = HighSchoolQuizApp.swift; sourceTree = "<group>"; };
		33420EE92CC04953007981E3 /* ContentView.swift */ = {isa = PBXFileReference; lastKnownFileType = sourcecode.swift; path = ContentView.swift; sourceTree = "<group>"; };
		33420EEB2CC04956007981E3 /* Assets.xcassets */ = {isa = PBXFileReference; lastKnownFileType = folder.assetcatalog; path = Assets.xcassets; sourceTree = "<group>"; };
		33420EEE2CC04956007981E3 /* Preview Assets.xcassets */ = {isa = PBXFileReference; lastKnownFileType = folder.assetcatalog; path = "Preview Assets.xcassets"; sourceTree = "<group>"; };
		33420EF42CC04956007981E3 /* HighSchoolQuizTests.xctest */ = {isa = PBXFileReference; explicitFileType = wrapper.cfbundle; includeInIndex = 0; path = HighSchoolQuizTests.xctest; sourceTree = BUILT_PRODUCTS_DIR; };
		33420EF82CC04956007981E3 /* HighSchoolQuizTests.swift */ = {isa = PBXFileReference; lastKnownFileType = sourcecode.swift; path = HighSchoolQuizTests.swift; sourceTree = "<group>"; };
		33420EFE2CC04956007981E3 /* HighSchoolQuizUITests.xctest */ = {isa = PBXFileReference; explicitFileType = wrapper.cfbundle; includeInIndex = 0; path = HighSchoolQuizUITests.xctest; sourceTree = BUILT_PRODUCTS_DIR; };
		33420F022CC04956007981E3 /* HighSchoolQuizUITests.swift */ = {isa = PBXFileReference; lastKnownFileType = sourcecode.swift; path = HighSchoolQuizUITests.swift; sourceTree = "<group>"; };
		33420F042CC04956007981E3 /* HighSchoolQuizUITestsLaunchTests.swift */ = {isa = PBXFileReference; lastKnownFileType = sourcecode.swift; path = HighSchoolQuizUITestsLaunchTests.swift; sourceTree = "<group>"; };
		33420F112CC04A25007981E3 /* HomeView.swift */ = {isa = PBXFileReference; lastKnownFileType = sourcecode.swift; path = HomeView.swift; sourceTree = "<group>"; };
		33420F132CC04A3D007981E3 /* QuizView.swift */ = {isa = PBXFileReference; lastKnownFileType = sourcecode.swift; path = QuizView.swift; sourceTree = "<group>"; };
		33420F152CC04A4F007981E3 /* SettingsView.swift */ = {isa = PBXFileReference; lastKnownFileType = sourcecode.swift; path = SettingsView.swift; sourceTree = "<group>"; };
/* End PBXFileReference section */

/* Begin PBXFrameworksBuildPhase section */
		33420EE12CC04953007981E3 /* Frameworks */ = {
			isa = PBXFrameworksBuildPhase;
			buildActionMask = 2147483647;
			files = (
			);
			runOnlyForDeploymentPostprocessing = 0;
		};
		33420EF12CC04956007981E3 /* Frameworks */ = {
			isa = PBXFrameworksBuildPhase;
			buildActionMask = 2147483647;
			files = (
			);
			runOnlyForDeploymentPostprocessing = 0;
		};
		33420EFB2CC04956007981E3 /* Frameworks */ = {
			isa = PBXFrameworksBuildPhase;
			buildActionMask = 2147483647;
			files = (
			);
			runOnlyForDeploymentPostprocessing = 0;
		};
/* End PBXFrameworksBuildPhase section */

/* Begin PBXGroup section */
		33420EDB2CC04952007981E3 = {
			isa = PBXGroup;
			children = (
				33420EE62CC04953007981E3 /* HighSchoolQuiz */,
				33420EF72CC04956007981E3 /* HighSchoolQuizTests */,
				33420F012CC04956007981E3 /* HighSchoolQuizUITests */,
				33420EE52CC04953007981E3 /* Products */,
			);
			sourceTree = "<group>";
		};
		33420EE52CC04953007981E3 /* Products */ = {
			isa = PBXGroup;
			children = (
				33420EE42CC04953007981E3 /* HighSchoolQuiz.app */,
				33420EF42CC04956007981E3 /* HighSchoolQuizTests.xctest */,
				33420EFE2CC04956007981E3 /* HighSchoolQuizUITests.xctest */,
			);
			name = Products;
			sourceTree = "<group>";
		};
		33420EE62CC04953007981E3 /* HighSchoolQuiz */ = {
			isa = PBXGroup;
			children = (
				33420EE72CC04953007981E3 /* HighSchoolQuizApp.swift */,
				33420EE92CC04953007981E3 /* ContentView.swift */,
				33420F112CC04A25007981E3 /* HomeView.swift */,
				33420F132CC04A3D007981E3 /* QuizView.swift */,
				33420F152CC04A4F007981E3 /* SettingsView.swift */,
				33420EEB2CC04956007981E3 /* Assets.xcassets */,
				33420EED2CC04956007981E3 /* Preview Content */,
			);
			path = HighSchoolQuiz;
			sourceTree = "<group>";
		};
		33420EED2CC04956007981E3 /* Preview Content */ = {
			isa = PBXGroup;
			children = (
				33420EEE2CC04956007981E3 /* Preview Assets.xcassets */,
			);
			path = "Preview Content";
			sourceTree = "<group>";
		};
		33420EF72CC04956007981E3 /* HighSchoolQuizTests */ = {
			isa = PBXGroup;
			children = (
				33420EF82CC04956007981E3 /* HighSchoolQuizTests.swift */,
			);
			path = HighSchoolQuizTests;
			sourceTree = "<group>";
		};
		33420F012CC04956007981E3 /* HighSchoolQuizUITests */ = {
			isa = PBXGroup;
			children = (
				33420F022CC04956007981E3 /* HighSchoolQuizUITests.swift */,
				33420F042CC04956007981E3 /* HighSchoolQuizUITestsLaunchTests.swift */,
			);
			path = HighSchoolQuizUITests;
			sourceTree = "<group>";
		};
/* End PBXGroup section */

/* Begin PBXNativeTarget section */
		33420EE32CC04953007981E3 /* HighSchoolQuiz */ = {
			isa = PBXNativeTarget;
			buildConfigurationList = 33420F082CC04956007981E3 /* Build configuration list for PBXNativeTarget "HighSchoolQuiz" */;
			buildPhases = (
				33420EE02CC04953007981E3 /* Sources */,
				33420EE12CC04953007981E3 /* Frameworks */,
				33420EE22CC04953007981E3 /* Resources */,
			);
			buildRules = (
			);
			dependencies = (
			);
			name = HighSchoolQuiz;
			productName = HighSchoolQuiz;
			productReference = 33420EE42CC04953007981E3 /* HighSchoolQuiz.app */;
			productType = "com.apple.product-type.application";
		};
		33420EF32CC04956007981E3 /* HighSchoolQuizTests */ = {
			isa = PBXNativeTarget;
			buildConfigurationList = 33420F0B2CC04956007981E3 /* Build configuration list for PBXNativeTarget "HighSchoolQuizTests" */;
			buildPhases = (
				33420EF02CC04956007981E3 /* Sources */,
				33420EF12CC04956007981E3 /* Frameworks */,
				33420EF22CC04956007981E3 /* Resources */,
			);
			buildRules = (
			);
			dependencies = (
				33420EF62CC04956007981E3 /* PBXTargetDependency */,
			);
			name = HighSchoolQuizTests;
			productName = HighSchoolQuizTests;
			productReference = 33420EF42CC04956007981E3 /* HighSchoolQuizTests.xctest */;
			productType = "com.apple.product-type.bundle.unit-test";
		};
		33420EFD2CC04956007981E3 /* HighSchoolQuizUITests */ = {
			isa = PBXNativeTarget;
			buildConfigurationList = 33420F0E2CC04956007981E3 /* Build configuration list for PBXNativeTarget "HighSchoolQuizUITests" */;
			buildPhases = (
				33420EFA2CC04956007981E3 /* Sources */,
				33420EFB2CC04956007981E3 /* Frameworks */,
				33420EFC2CC04956007981E3 /* Resources */,
			);
			buildRules = (
			);
			dependencies = (
				33420F002CC04956007981E3 /* PBXTargetDependency */,
			);
			name = HighSchoolQuizUITests;
			productName = HighSchoolQuizUITests;
			productReference = 33420EFE2CC04956007981E3 /* HighSchoolQuizUITests.xctest */;
			productType = "com.apple.product-type.bundle.ui-testing";
		};
/* End PBXNativeTarget section */

/* Begin PBXProject section */
		33420EDC2CC04952007981E3 /* Project object */ = {
			isa = PBXProject;
			attributes = {
				BuildIndependentTargetsInParallel = 1;
				LastSwiftUpdateCheck = 1520;
				LastUpgradeCheck = 1520;
				TargetAttributes = {
					33420EE32CC04953007981E3 = {
						CreatedOnToolsVersion = 15.2;
					};
					33420EF32CC04956007981E3 = {
						CreatedOnToolsVersion = 15.2;
						TestTargetID = 33420EE32CC04953007981E3;
					};
					33420EFD2CC04956007981E3 = {
						CreatedOnToolsVersion = 15.2;
						TestTargetID = 33420EE32CC04953007981E3;
					};
				};
			};
			buildConfigurationList = 33420EDF2CC04952007981E3 /* Build configuration list for PBXProject "HighSchoolQuiz" */;
			compatibilityVersion = "Xcode 14.0";
			developmentRegion = en;
			hasScannedForEncodings = 0;
			knownRegions = (
				en,
				Base,
			);
			mainGroup = 33420EDB2CC04952007981E3;
			productRefGroup = 33420EE52CC04953007981E3 /* Products */;
			projectDirPath = "";
			projectRoot = "";
			targets = (
				33420EE32CC04953007981E3 /* HighSchoolQuiz */,
				33420EF32CC04956007981E3 /* HighSchoolQuizTests */,
				33420EFD2CC04956007981E3 /* HighSchoolQuizUITests */,
			);
		};
/* End PBXProject section */

/* Begin PBXResourcesBuildPhase section */
		33420EE22CC04953007981E3 /* Resources */ = {
			isa = PBXResourcesBuildPhase;
			buildActionMask = 2147483647;
			files = (
				33420EEF2CC04956007981E3 /* Preview Assets.xcassets in Resources */,
				33420EEC2CC04956007981E3 /* Assets.xcassets in Resources */,
			);
			runOnlyForDeploymentPostprocessing = 0;
		};
		33420EF22CC04956007981E3 /* Resources */ = {
			isa = PBXResourcesBuildPhase;
			buildActionMask = 2147483647;
			files = (
			);
			runOnlyForDeploymentPostprocessing = 0;
		};
		33420EFC2CC04956007981E3 /* Resources */ = {
			isa = PBXResourcesBuildPhase;
			buildActionMask = 2147483647;
			files = (
			);
			runOnlyForDeploymentPostprocessing = 0;
		};
/* End PBXResourcesBuildPhase section */

/* Begin PBXSourcesBuildPhase section */
		33420EE02CC04953007981E3 /* Sources */ = {
			isa = PBXSourcesBuildPhase;
			buildActionMask = 2147483647;
			files = (
				33420F162CC04A4F007981E3 /* SettingsView.swift in Sources */,
				33420F122CC04A25007981E3 /* HomeView.swift in Sources */,
				33420F142CC04A3D007981E3 /* QuizView.swift in Sources */,
				33420EEA2CC04953007981E3 /* ContentView.swift in Sources */,
				33420EE82CC04953007981E3 /* HighSchoolQuizApp.swift in Sources */,
			);
			runOnlyForDeploymentPostprocessing = 0;
		};
		33420EF02CC04956007981E3 /* Sources */ = {
			isa = PBXSourcesBuildPhase;
			buildActionMask = 2147483647;
			files = (
				33420EF92CC04956007981E3 /* HighSchoolQuizTests.swift in Sources */,
			);
			runOnlyForDeploymentPostprocessing = 0;
		};
		33420EFA2CC04956007981E3 /* Sources */ = {
			isa = PBXSourcesBuildPhase;
			buildActionMask = 2147483647;
			files = (
				33420F032CC04956007981E3 /* HighSchoolQuizUITests.swift in Sources */,
				33420F052CC04956007981E3 /* HighSchoolQuizUITestsLaunchTests.swift in Sources */,
			);
			runOnlyForDeploymentPostprocessing = 0;
		};
/* End PBXSourcesBuildPhase section */

/* Begin PBXTargetDependency section */
		33420EF62CC04956007981E3 /* PBXTargetDependency */ = {
			isa = PBXTargetDependency;
			target = 33420EE32CC04953007981E3 /* HighSchoolQuiz */;
			targetProxy = 33420EF52CC04956007981E3 /* PBXContainerItemProxy */;
		};
		33420F002CC04956007981E3 /* PBXTargetDependency */ = {
			isa = PBXTargetDependency;
			target = 33420EE32CC04953007981E3 /* HighSchoolQuiz */;
			targetProxy = 33420EFF2CC04956007981E3 /* PBXContainerItemProxy */;
		};
/* End PBXTargetDependency section */

/* Begin XCBuildConfiguration section */
		33420F062CC04956007981E3 /* Debug */ = {
			isa = XCBuildConfiguration;
			buildSettings = {
				ALWAYS_SEARCH_USER_PATHS = NO;
				ASSETCATALOG_COMPILER_GENERATE_SWIFT_ASSET_SYMBOL_EXTENSIONS = YES;
				CLANG_ANALYZER_NONNULL = YES;
				CLANG_ANALYZER_NUMBER_OBJECT_CONVERSION = YES_AGGRESSIVE;
				CLANG_CXX_LANGUAGE_STANDARD = "gnu++20";
				CLANG_ENABLE_MODULES = YES;
				CLANG_ENABLE_OBJC_ARC = YES;
				CLANG_ENABLE_OBJC_WEAK = YES;
				CLANG_WARN_BLOCK_CAPTURE_AUTORELEASING = YES;
				CLANG_WARN_BOOL_CONVERSION = YES;
				CLANG_WARN_COMMA = YES;
				CLANG_WARN_CONSTANT_CONVERSION = YES;
				CLANG_WARN_DEPRECATED_OBJC_IMPLEMENTATIONS = YES;
				CLANG_WARN_DIRECT_OBJC_ISA_USAGE = YES_ERROR;
				CLANG_WARN_DOCUMENTATION_COMMENTS = YES;
				CLANG_WARN_EMPTY_BODY = YES;
				CLANG_WARN_ENUM_CONVERSION = YES;
				CLANG_WARN_INFINITE_RECURSION = YES;
				CLANG_WARN_INT_CONVERSION = YES;
				CLANG_WARN_NON_LITERAL_NULL_CONVERSION = YES;
				CLANG_WARN_OBJC_IMPLICIT_RETAIN_SELF = YES;
				CLANG_WARN_OBJC_LITERAL_CONVERSION = YES;
				CLANG_WARN_OBJC_ROOT_CLASS = YES_ERROR;
				CLANG_WARN_QUOTED_INCLUDE_IN_FRAMEWORK_HEADER = YES;
				CLANG_WARN_RANGE_LOOP_ANALYSIS = YES;
				CLANG_WARN_STRICT_PROTOTYPES = YES;
				CLANG_WARN_SUSPICIOUS_MOVE = YES;
				CLANG_WARN_UNGUARDED_AVAILABILITY = YES_AGGRESSIVE;
				CLANG_WARN_UNREACHABLE_CODE = YES;
				CLANG_WARN__DUPLICATE_METHOD_MATCH = YES;
				COPY_PHASE_STRIP = NO;
				DEBUG_INFORMATION_FORMAT = dwarf;
				ENABLE_STRICT_OBJC_MSGSEND = YES;
				ENABLE_TESTABILITY = YES;
				ENABLE_USER_SCRIPT_SANDBOXING = YES;
				GCC_C_LANGUAGE_STANDARD = gnu17;
				GCC_DYNAMIC_NO_PIC = NO;
				GCC_NO_COMMON_BLOCKS = YES;
				GCC_OPTIMIZATION_LEVEL = 0;
				GCC_PREPROCESSOR_DEFINITIONS = (
					"DEBUG=1",
					"$(inherited)",
				);
				GCC_WARN_64_TO_32_BIT_CONVERSION = YES;
				GCC_WARN_ABOUT_RETURN_TYPE = YES_ERROR;
				GCC_WARN_UNDECLARED_SELECTOR = YES;
				GCC_WARN_UNINITIALIZED_AUTOS = YES_AGGRESSIVE;
				GCC_WARN_UNUSED_FUNCTION = YES;
				GCC_WARN_UNUSED_VARIABLE = YES;
				IPHONEOS_DEPLOYMENT_TARGET = 17.2;
				LOCALIZATION_PREFERS_STRING_CATALOGS = YES;
				MTL_ENABLE_DEBUG_INFO = INCLUDE_SOURCE;
				MTL_FAST_MATH = YES;
				ONLY_ACTIVE_ARCH = YES;
				SDKROOT = iphoneos;
				SWIFT_ACTIVE_COMPILATION_CONDITIONS = "DEBUG $(inherited)";
				SWIFT_OPTIMIZATION_LEVEL = "-Onone";
			};
			name = Debug;
		};
		33420F072CC04956007981E3 /* Release */ = {
			isa = XCBuildConfiguration;
			buildSettings = {
				ALWAYS_SEARCH_USER_PATHS = NO;
				ASSETCATALOG_COMPILER_GENERATE_SWIFT_ASSET_SYMBOL_EXTENSIONS = YES;
				CLANG_ANALYZER_NONNULL = YES;
				CLANG_ANALYZER_NUMBER_OBJECT_CONVERSION = YES_AGGRESSIVE;
				CLANG_CXX_LANGUAGE_STANDARD = "gnu++20";
				CLANG_ENABLE_MODULES = YES;
				CLANG_ENABLE_OBJC_ARC = YES;
				CLANG_ENABLE_OBJC_WEAK = YES;
				CLANG_WARN_BLOCK_CAPTURE_AUTORELEASING = YES;
				CLANG_WARN_BOOL_CONVERSION = YES;
				CLANG_WARN_COMMA = YES;
				CLANG_WARN_CONSTANT_CONVERSION = YES;
				CLANG_WARN_DEPRECATED_OBJC_IMPLEMENTATIONS = YES;
				CLANG_WARN_DIRECT_OBJC_ISA_USAGE = YES_ERROR;
				CLANG_WARN_DOCUMENTATION_COMMENTS = YES;
				CLANG_WARN_EMPTY_BODY = YES;
				CLANG_WARN_ENUM_CONVERSION = YES;
				CLANG_WARN_INFINITE_RECURSION = YES;
				CLANG_WARN_INT_CONVERSION = YES;
				CLANG_WARN_NON_LITERAL_NULL_CONVERSION = YES;
				CLANG_WARN_OBJC_IMPLICIT_RETAIN_SELF = YES;
				CLANG_WARN_OBJC_LITERAL_CONVERSION = YES;
				CLANG_WARN_OBJC_ROOT_CLASS = YES_ERROR;
				CLANG_WARN_QUOTED_INCLUDE_IN_FRAMEWORK_HEADER = YES;
				CLANG_WARN_RANGE_LOOP_ANALYSIS = YES;
				CLANG_WARN_STRICT_PROTOTYPES = YES;
				CLANG_WARN_SUSPICIOUS_MOVE = YES;
				CLANG_WARN_UNGUARDED_AVAILABILITY = YES_AGGRESSIVE;
				CLANG_WARN_UNREACHABLE_CODE = YES;
				CLANG_WARN__DUPLICATE_METHOD_MATCH = YES;
				COPY_PHASE_STRIP = NO;
				DEBUG_INFORMATION_FORMAT = "dwarf-with-dsym";
				ENABLE_NS_ASSERTIONS = NO;
				ENABLE_STRICT_OBJC_MSGSEND = YES;
				ENABLE_USER_SCRIPT_SANDBOXING = YES;
				GCC_C_LANGUAGE_STANDARD = gnu17;
				GCC_NO_COMMON_BLOCKS = YES;
				GCC_WARN_64_TO_32_BIT_CONVERSION = YES;
				GCC_WARN_ABOUT_RETURN_TYPE = YES_ERROR;
				GCC_WARN_UNDECLARED_SELECTOR = YES;
				GCC_WARN_UNINITIALIZED_AUTOS = YES_AGGRESSIVE;
				GCC_WARN_UNUSED_FUNCTION = YES;
				GCC_WARN_UNUSED_VARIABLE = YES;
				IPHONEOS_DEPLOYMENT_TARGET = 17.2;
				LOCALIZATION_PREFERS_STRING_CATALOGS = YES;
				MTL_ENABLE_DEBUG_INFO = NO;
				MTL_FAST_MATH = YES;
				SDKROOT = iphoneos;
				SWIFT_COMPILATION_MODE = wholemodule;
				VALIDATE_PRODUCT = YES;
			};
			name = Release;
		};
		33420F092CC04956007981E3 /* Debug */ = {
			isa = XCBuildConfiguration;
			buildSettings = {
				ASSETCATALOG_COMPILER_APPICON_NAME = AppIcon;
				ASSETCATALOG_COMPILER_GLOBAL_ACCENT_COLOR_NAME = AccentColor;
				CODE_SIGN_STYLE = Automatic;
				CURRENT_PROJECT_VERSION = 1;
				DEVELOPMENT_ASSET_PATHS = "\"HighSchoolQuiz/Preview Content\"";
				DEVELOPMENT_TEAM = NCBWSMPJD9;
				ENABLE_PREVIEWS = YES;
				GENERATE_INFOPLIST_FILE = YES;
				INFOPLIST_KEY_UIApplicationSceneManifest_Generation = YES;
				INFOPLIST_KEY_UIApplicationSupportsIndirectInputEvents = YES;
				INFOPLIST_KEY_UILaunchScreen_Generation = YES;
				INFOPLIST_KEY_UISupportedInterfaceOrientations_iPad = "UIInterfaceOrientationPortrait UIInterfaceOrientationPortraitUpsideDown UIInterfaceOrientationLandscapeLeft UIInterfaceOrientationLandscapeRight";
				INFOPLIST_KEY_UISupportedInterfaceOrientations_iPhone = "UIInterfaceOrientationPortrait UIInterfaceOrientationLandscapeLeft UIInterfaceOrientationLandscapeRight";
				LD_RUNPATH_SEARCH_PATHS = (
					"$(inherited)",
					"@executable_path/Frameworks",
				);
				MARKETING_VERSION = 1.0;
				PRODUCT_BUNDLE_IDENTIFIER = com.iit.ac.lk.HighSchoolQuiz;
				PRODUCT_NAME = "$(TARGET_NAME)";
				SWIFT_EMIT_LOC_STRINGS = YES;
				SWIFT_VERSION = 5.0;
				TARGETED_DEVICE_FAMILY = "1,2";
			};
			name = Debug;
		};
		33420F0A2CC04956007981E3 /* Release */ = {
			isa = XCBuildConfiguration;
			buildSettings = {
				ASSETCATALOG_COMPILER_APPICON_NAME = AppIcon;
				ASSETCATALOG_COMPILER_GLOBAL_ACCENT_COLOR_NAME = AccentColor;
				CODE_SIGN_STYLE = Automatic;
				CURRENT_PROJECT_VERSION = 1;
				DEVELOPMENT_ASSET_PATHS = "\"HighSchoolQuiz/Preview Content\"";
				DEVELOPMENT_TEAM = NCBWSMPJD9;
				ENABLE_PREVIEWS = YES;
				GENERATE_INFOPLIST_FILE = YES;
				INFOPLIST_KEY_UIApplicationSceneManifest_Generation = YES;
				INFOPLIST_KEY_UIApplicationSupportsIndirectInputEvents = YES;
				INFOPLIST_KEY_UILaunchScreen_Generation = YES;
				INFOPLIST_KEY_UISupportedInterfaceOrientations_iPad = "UIInterfaceOrientationPortrait UIInterfaceOrientationPortraitUpsideDown UIInterfaceOrientationLandscapeLeft UIInterfaceOrientationLandscapeRight";
				INFOPLIST_KEY_UISupportedInterfaceOrientations_iPhone = "UIInterfaceOrientationPortrait UIInterfaceOrientationLandscapeLeft UIInterfaceOrientationLandscapeRight";
				LD_RUNPATH_SEARCH_PATHS = (
					"$(inherited)",
					"@executable_path/Frameworks",
				);
				MARKETING_VERSION = 1.0;
				PRODUCT_BUNDLE_IDENTIFIER = com.iit.ac.lk.HighSchoolQuiz;
				PRODUCT_NAME = "$(TARGET_NAME)";
				SWIFT_EMIT_LOC_STRINGS = YES;
				SWIFT_VERSION = 5.0;
				TARGETED_DEVICE_FAMILY = "1,2";
			};
			name = Release;
		};
		33420F0C2CC04956007981E3 /* Debug */ = {
			isa = XCBuildConfiguration;
			buildSettings = {
				ALWAYS_EMBED_SWIFT_STANDARD_LIBRARIES = YES;
				BUNDLE_LOADER = "$(TEST_HOST)";
				CODE_SIGN_STYLE = Automatic;
				CURRENT_PROJECT_VERSION = 1;
				DEVELOPMENT_TEAM = NCBWSMPJD9;
				GENERATE_INFOPLIST_FILE = YES;
				IPHONEOS_DEPLOYMENT_TARGET = 17.2;
				MARKETING_VERSION = 1.0;
				PRODUCT_BUNDLE_IDENTIFIER = com.iit.ac.lk.HighSchoolQuizTests;
				PRODUCT_NAME = "$(TARGET_NAME)";
				SWIFT_EMIT_LOC_STRINGS = NO;
				SWIFT_VERSION = 5.0;
				TARGETED_DEVICE_FAMILY = "1,2";
				TEST_HOST = "$(BUILT_PRODUCTS_DIR)/HighSchoolQuiz.app/$(BUNDLE_EXECUTABLE_FOLDER_PATH)/HighSchoolQuiz";
			};
			name = Debug;
		};
		33420F0D2CC04956007981E3 /* Release */ = {
			isa = XCBuildConfiguration;
			buildSettings = {
				ALWAYS_EMBED_SWIFT_STANDARD_LIBRARIES = YES;
				BUNDLE_LOADER = "$(TEST_HOST)";
				CODE_SIGN_STYLE = Automatic;
				CURRENT_PROJECT_VERSION = 1;
				DEVELOPMENT_TEAM = NCBWSMPJD9;
				GENERATE_INFOPLIST_FILE = YES;
				IPHONEOS_DEPLOYMENT_TARGET = 17.2;
				MARKETING_VERSION = 1.0;
				PRODUCT_BUNDLE_IDENTIFIER = com.iit.ac.lk.HighSchoolQuizTests;
				PRODUCT_NAME = "$(TARGET_NAME)";
				SWIFT_EMIT_LOC_STRINGS = NO;
				SWIFT_VERSION = 5.0;
				TARGETED_DEVICE_FAMILY = "1,2";
				TEST_HOST = "$(BUILT_PRODUCTS_DIR)/HighSchoolQuiz.app/$(BUNDLE_EXECUTABLE_FOLDER_PATH)/HighSchoolQuiz";
			};
			name = Release;
		};
		33420F0F2CC04956007981E3 /* Debug */ = {
			isa = XCBuildConfiguration;
			buildSettings = {
				ALWAYS_EMBED_SWIFT_STANDARD_LIBRARIES = YES;
				CODE_SIGN_STYLE = Automatic;
				CURRENT_PROJECT_VERSION = 1;
				DEVELOPMENT_TEAM = NCBWSMPJD9;
				GENERATE_INFOPLIST_FILE = YES;
				MARKETING_VERSION = 1.0;
				PRODUCT_BUNDLE_IDENTIFIER = com.iit.ac.lk.HighSchoolQuizUITests;
				PRODUCT_NAME = "$(TARGET_NAME)";
				SWIFT_EMIT_LOC_STRINGS = NO;
				SWIFT_VERSION = 5.0;
				TARGETED_DEVICE_FAMILY = "1,2";
				TEST_TARGET_NAME = HighSchoolQuiz;
			};
			name = Debug;
		};
		33420F102CC04956007981E3 /* Release */ = {
			isa = XCBuildConfiguration;
			buildSettings = {
				ALWAYS_EMBED_SWIFT_STANDARD_LIBRARIES = YES;
				CODE_SIGN_STYLE = Automatic;
				CURRENT_PROJECT_VERSION = 1;
				DEVELOPMENT_TEAM = NCBWSMPJD9;
				GENERATE_INFOPLIST_FILE = YES;
				MARKETING_VERSION = 1.0;
				PRODUCT_BUNDLE_IDENTIFIER = com.iit.ac.lk.HighSchoolQuizUITests;
				PRODUCT_NAME = "$(TARGET_NAME)";
				SWIFT_EMIT_LOC_STRINGS = NO;
				SWIFT_VERSION = 5.0;
				TARGETED_DEVICE_FAMILY = "1,2";
				TEST_TARGET_NAME = HighSchoolQuiz;
			};
			name = Release;
		};
/* End XCBuildConfiguration section */

/* Begin XCConfigurationList section */
		33420EDF2CC04952007981E3 /* Build configuration list for PBXProject "HighSchoolQuiz" */ = {
			isa = XCConfigurationList;
			buildConfigurations = (
				33420F062CC04956007981E3 /* Debug */,
				33420F072CC04956007981E3 /* Release */,
			);
			defaultConfigurationIsVisible = 0;
			defaultConfigurationName = Release;
		};
		33420F082CC04956007981E3 /* Build configuration list for PBXNativeTarget "HighSchoolQuiz" */ = {
			isa = XCConfigurationList;
			buildConfigurations = (
				33420F092CC04956007981E3 /* Debug */,
				33420F0A2CC04956007981E3 /* Release */,
			);
			defaultConfigurationIsVisible = 0;
			defaultConfigurationName = Release;
		};
		33420F0B2CC04956007981E3 /* Build configuration list for PBXNativeTarget "HighSchoolQuizTests" */ = {
			isa = XCConfigurationList;
			buildConfigurations = (
				33420F0C2CC04956007981E3 /* Debug */,
				33420F0D2CC04956007981E3 /* Release */,
			);
			defaultConfigurationIsVisible = 0;
			defaultConfigurationName = Release;
		};
		33420F0E2CC04956007981E3 /* Build configuration list for PBXNativeTarget "HighSchoolQuizUITests" */ = {
			isa = XCConfigurationList;
			buildConfigurations = (
				33420F0F2CC04956007981E3 /* Debug */,
				33420F102CC04956007981E3 /* Release */,
			);
			defaultConfigurationIsVisible = 0;
			defaultConfigurationName = Release;
		};
/* End XCConfigurationList section */
	};
	rootObject = 33420EDC2CC04952007981E3 /* Project object */;
}
